
Microsoft Visual Studio Solution File, Format Version 12.00
# Visual Studio 2013
VisualStudioVersion = 12.0.31101.0
MinimumVisualStudioVersion = 10.0.40219.1
Project("{FAE04EC0-301F-11D3-BF4B-00C04F79EFBC}") = "Application", "Application\Application.csproj", "{2D3D4A03-F09E-41B7-8BA0-251DD52A08E8}"
EndProject
<<<<<<< HEAD
Project("{FAE04EC0-301F-11D3-BF4B-00C04F79EFBC}") = "Downloader", "Downloader\Downloader.csproj", "{6E0A4346-9B46-41CD-9C47-9345B0CADBCB}"
=======
Project("{FAE04EC0-301F-11D3-BF4B-00C04F79EFBC}") = "Logging", "Logging\Logging.csproj", "{4530B3B2-A28F-452B-AA7E-495F02FE56C9}"
EndProject
Project("{FAE04EC0-301F-11D3-BF4B-00C04F79EFBC}") = "Logging.Tests", "Logging.Tests\Logging.Tests.csproj", "{22603CE1-E637-496D-8C37-12C885B39709}"
>>>>>>> master
EndProject
Global
	GlobalSection(SolutionConfigurationPlatforms) = preSolution
		Debug|Any CPU = Debug|Any CPU
		Release|Any CPU = Release|Any CPU
	EndGlobalSection
	GlobalSection(ProjectConfigurationPlatforms) = postSolution
		{2D3D4A03-F09E-41B7-8BA0-251DD52A08E8}.Debug|Any CPU.ActiveCfg = Debug|Any CPU
		{2D3D4A03-F09E-41B7-8BA0-251DD52A08E8}.Debug|Any CPU.Build.0 = Debug|Any CPU
		{2D3D4A03-F09E-41B7-8BA0-251DD52A08E8}.Release|Any CPU.ActiveCfg = Release|Any CPU
		{2D3D4A03-F09E-41B7-8BA0-251DD52A08E8}.Release|Any CPU.Build.0 = Release|Any CPU
<<<<<<< HEAD
		{6E0A4346-9B46-41CD-9C47-9345B0CADBCB}.Debug|Any CPU.ActiveCfg = Debug|Any CPU
		{6E0A4346-9B46-41CD-9C47-9345B0CADBCB}.Debug|Any CPU.Build.0 = Debug|Any CPU
		{6E0A4346-9B46-41CD-9C47-9345B0CADBCB}.Release|Any CPU.ActiveCfg = Release|Any CPU
		{6E0A4346-9B46-41CD-9C47-9345B0CADBCB}.Release|Any CPU.Build.0 = Release|Any CPU
=======
		{4530B3B2-A28F-452B-AA7E-495F02FE56C9}.Debug|Any CPU.ActiveCfg = Debug|Any CPU
		{4530B3B2-A28F-452B-AA7E-495F02FE56C9}.Debug|Any CPU.Build.0 = Debug|Any CPU
		{4530B3B2-A28F-452B-AA7E-495F02FE56C9}.Release|Any CPU.ActiveCfg = Release|Any CPU
		{4530B3B2-A28F-452B-AA7E-495F02FE56C9}.Release|Any CPU.Build.0 = Release|Any CPU
		{22603CE1-E637-496D-8C37-12C885B39709}.Debug|Any CPU.ActiveCfg = Debug|Any CPU
		{22603CE1-E637-496D-8C37-12C885B39709}.Debug|Any CPU.Build.0 = Debug|Any CPU
		{22603CE1-E637-496D-8C37-12C885B39709}.Release|Any CPU.ActiveCfg = Release|Any CPU
		{22603CE1-E637-496D-8C37-12C885B39709}.Release|Any CPU.Build.0 = Release|Any CPU
>>>>>>> master
	EndGlobalSection
	GlobalSection(SolutionProperties) = preSolution
		HideSolutionNode = FALSE
	EndGlobalSection
EndGlobal
